
Microsoft Visual Studio Solution File, Format Version 12.00
# Visual Studio Version 16
VisualStudioVersion = 16.0.31402.337
MinimumVisualStudioVersion = 10.0.40219.1
Project("{D954291E-2A0B-460D-934E-DC6B0785DB48}") = "POSUNO.Shared", "POSUNO\POSUNO.Shared\POSUNO.Shared.shproj", "{6279C845-92F8-4333-AB99-3D213163593C}"
EndProject
Project("{2150E333-8FDC-42A3-9474-1A3956D46DE8}") = "Platforms", "Platforms", "{278EA640-6E34-4219-979D-00A851A8048D}"
EndProject
Project("{FAE04EC0-301F-11D3-BF4B-00C04F79EFBC}") = "POSUNO.Droid", "POSUNO\POSUNO.Droid\POSUNO.Droid.csproj", "{52A0C65F-F43B-4F40-A9C1-C60969F8BFB4}"
EndProject
Project("{FAE04EC0-301F-11D3-BF4B-00C04F79EFBC}") = "POSUNO.iOS", "POSUNO\POSUNO.iOS\POSUNO.iOS.csproj", "{4A88DF22-F1A5-42E1-919A-488D87E9C90A}"
EndProject
Project("{FAE04EC0-301F-11D3-BF4B-00C04F79EFBC}") = "POSUNO.UWP", "POSUNO\POSUNO.UWP\POSUNO.UWP.csproj", "{571F07F7-F8B0-482A-B4BF-003222CCB059}"
EndProject
Project("{9A19103F-16F7-4668-BE54-9A1E7A4F7556}") = "POSUNO.Wasm", "POSUNO\POSUNO.Wasm\POSUNO.Wasm.csproj", "{787282CF-7E55-413B-B279-89B4B81A1AF5}"
EndProject
Project("{FAE04EC0-301F-11D3-BF4B-00C04F79EFBC}") = "POSUNO.macOS", "POSUNO\POSUNO.macOS\POSUNO.macOS.csproj", "{319B9F6D-C644-4F29-809E-A347592C5F0F}"
EndProject
Project("{9A19103F-16F7-4668-BE54-9A1E7A4F7556}") = "POSUNO.Skia.Wpf.Host", "POSUNO\POSUNO.Skia.Wpf.Host\POSUNO.Skia.Wpf.Host.csproj", "{EDB5A17A-1C15-46A4-89F5-093ACAE6A733}"
EndProject
Project("{9A19103F-16F7-4668-BE54-9A1E7A4F7556}") = "POSUNO.Skia.Wpf", "POSUNO\POSUNO.Skia.Wpf\POSUNO.Skia.Wpf.csproj", "{FD84DB12-EC1B-48BB-847A-1944D3769A2B}"
EndProject
Project("{9A19103F-16F7-4668-BE54-9A1E7A4F7556}") = "POSUNO.Skia.Gtk", "POSUNO\POSUNO.Skia.Gtk\POSUNO.Skia.Gtk.csproj", "{D338CEAF-B85A-43DB-9797-A13A775D89E0}"
EndProject
Project("{9A19103F-16F7-4668-BE54-9A1E7A4F7556}") = "POSUNO.Skia.Tizen", "POSUNO\POSUNO.Skia.Tizen\POSUNO.Skia.Tizen.csproj", "{00B03C3C-8370-4B7E-A750-08972E956BE1}"
EndProject
Project("{FAE04EC0-301F-11D3-BF4B-00C04F79EFBC}") = "POSUNO.Api", "POSUNO.Api\POSUNO.Api.csproj", "{71B73162-1B3B-461D-AC13-6D04F0B33652}"
EndProject
Global
	GlobalSection(SharedMSBuildProjectFiles) = preSolution
		POSUNO\POSUNO.Shared\POSUNO.Shared.projitems*{00b03c3c-8370-4b7e-a750-08972e956be1}*SharedItemsImports = 5
		POSUNO\POSUNO.Shared\POSUNO.Shared.projitems*{319b9f6d-c644-4f29-809e-a347592c5f0f}*SharedItemsImports = 4
		POSUNO\POSUNO.Shared\POSUNO.Shared.projitems*{4a88df22-f1a5-42e1-919a-488d87e9c90a}*SharedItemsImports = 4
		POSUNO\POSUNO.Shared\POSUNO.Shared.projitems*{52a0c65f-f43b-4f40-a9c1-c60969f8bfb4}*SharedItemsImports = 4
		POSUNO\POSUNO.Shared\POSUNO.Shared.projitems*{571f07f7-f8b0-482a-b4bf-003222ccb059}*SharedItemsImports = 4
		POSUNO\POSUNO.Shared\POSUNO.Shared.projitems*{6279c845-92f8-4333-ab99-3d213163593c}*SharedItemsImports = 13
		POSUNO\POSUNO.Shared\POSUNO.Shared.projitems*{787282cf-7e55-413b-b279-89b4b81a1af5}*SharedItemsImports = 5
		POSUNO\POSUNO.Shared\POSUNO.Shared.projitems*{d338ceaf-b85a-43db-9797-a13a775d89e0}*SharedItemsImports = 5
		POSUNO\POSUNO.Shared\POSUNO.Shared.projitems*{fd84db12-ec1b-48bb-847a-1944d3769a2b}*SharedItemsImports = 5
	EndGlobalSection
	GlobalSection(SolutionConfigurationPlatforms) = preSolution
		Ad-Hoc|Any CPU = Ad-Hoc|Any CPU
		Ad-Hoc|ARM = Ad-Hoc|ARM
		Ad-Hoc|ARM64 = Ad-Hoc|ARM64
		Ad-Hoc|iPhone = Ad-Hoc|iPhone
		Ad-Hoc|iPhoneSimulator = Ad-Hoc|iPhoneSimulator
		Ad-Hoc|x64 = Ad-Hoc|x64
		Ad-Hoc|x86 = Ad-Hoc|x86
		AppStore|Any CPU = AppStore|Any CPU
		AppStore|ARM = AppStore|ARM
		AppStore|ARM64 = AppStore|ARM64
		AppStore|iPhone = AppStore|iPhone
		AppStore|iPhoneSimulator = AppStore|iPhoneSimulator
		AppStore|x64 = AppStore|x64
		AppStore|x86 = AppStore|x86
		Debug|Any CPU = Debug|Any CPU
		Debug|ARM = Debug|ARM
		Debug|ARM64 = Debug|ARM64
		Debug|iPhone = Debug|iPhone
		Debug|iPhoneSimulator = Debug|iPhoneSimulator
		Debug|x64 = Debug|x64
		Debug|x86 = Debug|x86
		Release|Any CPU = Release|Any CPU
		Release|ARM = Release|ARM
		Release|ARM64 = Release|ARM64
		Release|iPhone = Release|iPhone
		Release|iPhoneSimulator = Release|iPhoneSimulator
		Release|x64 = Release|x64
		Release|x86 = Release|x86
	EndGlobalSection
	GlobalSection(ProjectConfigurationPlatforms) = postSolution
		{52A0C65F-F43B-4F40-A9C1-C60969F8BFB4}.Ad-Hoc|Any CPU.ActiveCfg = Debug|Any CPU
		{52A0C65F-F43B-4F40-A9C1-C60969F8BFB4}.Ad-Hoc|Any CPU.Build.0 = Debug|Any CPU
		{52A0C65F-F43B-4F40-A9C1-C60969F8BFB4}.Ad-Hoc|Any CPU.Deploy.0 = Debug|Any CPU
		{52A0C65F-F43B-4F40-A9C1-C60969F8BFB4}.Ad-Hoc|ARM.ActiveCfg = Debug|Any CPU
		{52A0C65F-F43B-4F40-A9C1-C60969F8BFB4}.Ad-Hoc|ARM.Build.0 = Debug|Any CPU
		{52A0C65F-F43B-4F40-A9C1-C60969F8BFB4}.Ad-Hoc|ARM.Deploy.0 = Debug|Any CPU
		{52A0C65F-F43B-4F40-A9C1-C60969F8BFB4}.Ad-Hoc|ARM64.ActiveCfg = Debug|Any CPU
		{52A0C65F-F43B-4F40-A9C1-C60969F8BFB4}.Ad-Hoc|ARM64.Build.0 = Debug|Any CPU
		{52A0C65F-F43B-4F40-A9C1-C60969F8BFB4}.Ad-Hoc|ARM64.Deploy.0 = Debug|Any CPU
		{52A0C65F-F43B-4F40-A9C1-C60969F8BFB4}.Ad-Hoc|iPhone.ActiveCfg = Debug|Any CPU
		{52A0C65F-F43B-4F40-A9C1-C60969F8BFB4}.Ad-Hoc|iPhone.Build.0 = Debug|Any CPU
		{52A0C65F-F43B-4F40-A9C1-C60969F8BFB4}.Ad-Hoc|iPhone.Deploy.0 = Debug|Any CPU
		{52A0C65F-F43B-4F40-A9C1-C60969F8BFB4}.Ad-Hoc|iPhoneSimulator.ActiveCfg = Debug|Any CPU
		{52A0C65F-F43B-4F40-A9C1-C60969F8BFB4}.Ad-Hoc|iPhoneSimulator.Build.0 = Debug|Any CPU
		{52A0C65F-F43B-4F40-A9C1-C60969F8BFB4}.Ad-Hoc|iPhoneSimulator.Deploy.0 = Debug|Any CPU
		{52A0C65F-F43B-4F40-A9C1-C60969F8BFB4}.Ad-Hoc|x64.ActiveCfg = Debug|Any CPU
		{52A0C65F-F43B-4F40-A9C1-C60969F8BFB4}.Ad-Hoc|x64.Build.0 = Debug|Any CPU
		{52A0C65F-F43B-4F40-A9C1-C60969F8BFB4}.Ad-Hoc|x64.Deploy.0 = Debug|Any CPU
		{52A0C65F-F43B-4F40-A9C1-C60969F8BFB4}.Ad-Hoc|x86.ActiveCfg = Debug|Any CPU
		{52A0C65F-F43B-4F40-A9C1-C60969F8BFB4}.Ad-Hoc|x86.Build.0 = Debug|Any CPU
		{52A0C65F-F43B-4F40-A9C1-C60969F8BFB4}.Ad-Hoc|x86.Deploy.0 = Debug|Any CPU
		{52A0C65F-F43B-4F40-A9C1-C60969F8BFB4}.AppStore|Any CPU.ActiveCfg = Debug|Any CPU
		{52A0C65F-F43B-4F40-A9C1-C60969F8BFB4}.AppStore|Any CPU.Build.0 = Debug|Any CPU
		{52A0C65F-F43B-4F40-A9C1-C60969F8BFB4}.AppStore|Any CPU.Deploy.0 = Debug|Any CPU
		{52A0C65F-F43B-4F40-A9C1-C60969F8BFB4}.AppStore|ARM.ActiveCfg = Debug|Any CPU
		{52A0C65F-F43B-4F40-A9C1-C60969F8BFB4}.AppStore|ARM.Build.0 = Debug|Any CPU
		{52A0C65F-F43B-4F40-A9C1-C60969F8BFB4}.AppStore|ARM.Deploy.0 = Debug|Any CPU
		{52A0C65F-F43B-4F40-A9C1-C60969F8BFB4}.AppStore|ARM64.ActiveCfg = Debug|Any CPU
		{52A0C65F-F43B-4F40-A9C1-C60969F8BFB4}.AppStore|ARM64.Build.0 = Debug|Any CPU
		{52A0C65F-F43B-4F40-A9C1-C60969F8BFB4}.AppStore|ARM64.Deploy.0 = Debug|Any CPU
		{52A0C65F-F43B-4F40-A9C1-C60969F8BFB4}.AppStore|iPhone.ActiveCfg = Debug|Any CPU
		{52A0C65F-F43B-4F40-A9C1-C60969F8BFB4}.AppStore|iPhone.Build.0 = Debug|Any CPU
		{52A0C65F-F43B-4F40-A9C1-C60969F8BFB4}.AppStore|iPhone.Deploy.0 = Debug|Any CPU
		{52A0C65F-F43B-4F40-A9C1-C60969F8BFB4}.AppStore|iPhoneSimulator.ActiveCfg = Debug|Any CPU
		{52A0C65F-F43B-4F40-A9C1-C60969F8BFB4}.AppStore|iPhoneSimulator.Build.0 = Debug|Any CPU
		{52A0C65F-F43B-4F40-A9C1-C60969F8BFB4}.AppStore|iPhoneSimulator.Deploy.0 = Debug|Any CPU
		{52A0C65F-F43B-4F40-A9C1-C60969F8BFB4}.AppStore|x64.ActiveCfg = Debug|Any CPU
		{52A0C65F-F43B-4F40-A9C1-C60969F8BFB4}.AppStore|x64.Build.0 = Debug|Any CPU
		{52A0C65F-F43B-4F40-A9C1-C60969F8BFB4}.AppStore|x64.Deploy.0 = Debug|Any CPU
		{52A0C65F-F43B-4F40-A9C1-C60969F8BFB4}.AppStore|x86.ActiveCfg = Debug|Any CPU
		{52A0C65F-F43B-4F40-A9C1-C60969F8BFB4}.AppStore|x86.Build.0 = Debug|Any CPU
		{52A0C65F-F43B-4F40-A9C1-C60969F8BFB4}.AppStore|x86.Deploy.0 = Debug|Any CPU
		{52A0C65F-F43B-4F40-A9C1-C60969F8BFB4}.Debug|Any CPU.ActiveCfg = Debug|Any CPU
		{52A0C65F-F43B-4F40-A9C1-C60969F8BFB4}.Debug|Any CPU.Build.0 = Debug|Any CPU
		{52A0C65F-F43B-4F40-A9C1-C60969F8BFB4}.Debug|Any CPU.Deploy.0 = Debug|Any CPU
		{52A0C65F-F43B-4F40-A9C1-C60969F8BFB4}.Debug|ARM.ActiveCfg = Debug|Any CPU
		{52A0C65F-F43B-4F40-A9C1-C60969F8BFB4}.Debug|ARM.Build.0 = Debug|Any CPU
		{52A0C65F-F43B-4F40-A9C1-C60969F8BFB4}.Debug|ARM.Deploy.0 = Debug|Any CPU
		{52A0C65F-F43B-4F40-A9C1-C60969F8BFB4}.Debug|ARM64.ActiveCfg = Debug|Any CPU
		{52A0C65F-F43B-4F40-A9C1-C60969F8BFB4}.Debug|ARM64.Build.0 = Debug|Any CPU
		{52A0C65F-F43B-4F40-A9C1-C60969F8BFB4}.Debug|ARM64.Deploy.0 = Debug|Any CPU
		{52A0C65F-F43B-4F40-A9C1-C60969F8BFB4}.Debug|iPhone.ActiveCfg = Debug|Any CPU
		{52A0C65F-F43B-4F40-A9C1-C60969F8BFB4}.Debug|iPhone.Build.0 = Debug|Any CPU
		{52A0C65F-F43B-4F40-A9C1-C60969F8BFB4}.Debug|iPhone.Deploy.0 = Debug|Any CPU
		{52A0C65F-F43B-4F40-A9C1-C60969F8BFB4}.Debug|iPhoneSimulator.ActiveCfg = Debug|Any CPU
		{52A0C65F-F43B-4F40-A9C1-C60969F8BFB4}.Debug|iPhoneSimulator.Build.0 = Debug|Any CPU
		{52A0C65F-F43B-4F40-A9C1-C60969F8BFB4}.Debug|iPhoneSimulator.Deploy.0 = Debug|Any CPU
		{52A0C65F-F43B-4F40-A9C1-C60969F8BFB4}.Debug|x64.ActiveCfg = Debug|Any CPU
		{52A0C65F-F43B-4F40-A9C1-C60969F8BFB4}.Debug|x64.Build.0 = Debug|Any CPU
		{52A0C65F-F43B-4F40-A9C1-C60969F8BFB4}.Debug|x64.Deploy.0 = Debug|Any CPU
		{52A0C65F-F43B-4F40-A9C1-C60969F8BFB4}.Debug|x86.ActiveCfg = Debug|Any CPU
		{52A0C65F-F43B-4F40-A9C1-C60969F8BFB4}.Debug|x86.Build.0 = Debug|Any CPU
		{52A0C65F-F43B-4F40-A9C1-C60969F8BFB4}.Debug|x86.Deploy.0 = Debug|Any CPU
		{52A0C65F-F43B-4F40-A9C1-C60969F8BFB4}.Release|Any CPU.ActiveCfg = Release|Any CPU
		{52A0C65F-F43B-4F40-A9C1-C60969F8BFB4}.Release|Any CPU.Build.0 = Release|Any CPU
		{52A0C65F-F43B-4F40-A9C1-C60969F8BFB4}.Release|Any CPU.Deploy.0 = Release|Any CPU
		{52A0C65F-F43B-4F40-A9C1-C60969F8BFB4}.Release|ARM.ActiveCfg = Release|Any CPU
		{52A0C65F-F43B-4F40-A9C1-C60969F8BFB4}.Release|ARM.Build.0 = Release|Any CPU
		{52A0C65F-F43B-4F40-A9C1-C60969F8BFB4}.Release|ARM.Deploy.0 = Release|Any CPU
		{52A0C65F-F43B-4F40-A9C1-C60969F8BFB4}.Release|ARM64.ActiveCfg = Release|Any CPU
		{52A0C65F-F43B-4F40-A9C1-C60969F8BFB4}.Release|ARM64.Build.0 = Release|Any CPU
		{52A0C65F-F43B-4F40-A9C1-C60969F8BFB4}.Release|ARM64.Deploy.0 = Release|Any CPU
		{52A0C65F-F43B-4F40-A9C1-C60969F8BFB4}.Release|iPhone.ActiveCfg = Release|Any CPU
		{52A0C65F-F43B-4F40-A9C1-C60969F8BFB4}.Release|iPhone.Build.0 = Release|Any CPU
		{52A0C65F-F43B-4F40-A9C1-C60969F8BFB4}.Release|iPhone.Deploy.0 = Release|Any CPU
		{52A0C65F-F43B-4F40-A9C1-C60969F8BFB4}.Release|iPhoneSimulator.ActiveCfg = Release|Any CPU
		{52A0C65F-F43B-4F40-A9C1-C60969F8BFB4}.Release|iPhoneSimulator.Build.0 = Release|Any CPU
		{52A0C65F-F43B-4F40-A9C1-C60969F8BFB4}.Release|iPhoneSimulator.Deploy.0 = Release|Any CPU
		{52A0C65F-F43B-4F40-A9C1-C60969F8BFB4}.Release|x64.ActiveCfg = Release|Any CPU
		{52A0C65F-F43B-4F40-A9C1-C60969F8BFB4}.Release|x64.Build.0 = Release|Any CPU
		{52A0C65F-F43B-4F40-A9C1-C60969F8BFB4}.Release|x64.Deploy.0 = Release|Any CPU
		{52A0C65F-F43B-4F40-A9C1-C60969F8BFB4}.Release|x86.ActiveCfg = Release|Any CPU
		{52A0C65F-F43B-4F40-A9C1-C60969F8BFB4}.Release|x86.Build.0 = Release|Any CPU
		{52A0C65F-F43B-4F40-A9C1-C60969F8BFB4}.Release|x86.Deploy.0 = Release|Any CPU
		{4A88DF22-F1A5-42E1-919A-488D87E9C90A}.Ad-Hoc|Any CPU.ActiveCfg = Ad-Hoc|iPhoneSimulator
		{4A88DF22-F1A5-42E1-919A-488D87E9C90A}.Ad-Hoc|ARM.ActiveCfg = Ad-Hoc|iPhoneSimulator
		{4A88DF22-F1A5-42E1-919A-488D87E9C90A}.Ad-Hoc|ARM64.ActiveCfg = Ad-Hoc|iPhoneSimulator
		{4A88DF22-F1A5-42E1-919A-488D87E9C90A}.Ad-Hoc|iPhone.ActiveCfg = Ad-Hoc|iPhone
		{4A88DF22-F1A5-42E1-919A-488D87E9C90A}.Ad-Hoc|iPhone.Build.0 = Ad-Hoc|iPhone
		{4A88DF22-F1A5-42E1-919A-488D87E9C90A}.Ad-Hoc|iPhoneSimulator.ActiveCfg = Ad-Hoc|iPhoneSimulator
		{4A88DF22-F1A5-42E1-919A-488D87E9C90A}.Ad-Hoc|iPhoneSimulator.Build.0 = Ad-Hoc|iPhoneSimulator
		{4A88DF22-F1A5-42E1-919A-488D87E9C90A}.Ad-Hoc|x64.ActiveCfg = Ad-Hoc|iPhoneSimulator
		{4A88DF22-F1A5-42E1-919A-488D87E9C90A}.Ad-Hoc|x86.ActiveCfg = Ad-Hoc|iPhoneSimulator
		{4A88DF22-F1A5-42E1-919A-488D87E9C90A}.AppStore|Any CPU.ActiveCfg = AppStore|iPhoneSimulator
		{4A88DF22-F1A5-42E1-919A-488D87E9C90A}.AppStore|ARM.ActiveCfg = AppStore|iPhoneSimulator
		{4A88DF22-F1A5-42E1-919A-488D87E9C90A}.AppStore|ARM64.ActiveCfg = AppStore|iPhoneSimulator
		{4A88DF22-F1A5-42E1-919A-488D87E9C90A}.AppStore|iPhone.ActiveCfg = AppStore|iPhone
		{4A88DF22-F1A5-42E1-919A-488D87E9C90A}.AppStore|iPhone.Build.0 = AppStore|iPhone
		{4A88DF22-F1A5-42E1-919A-488D87E9C90A}.AppStore|iPhoneSimulator.ActiveCfg = AppStore|iPhoneSimulator
		{4A88DF22-F1A5-42E1-919A-488D87E9C90A}.AppStore|iPhoneSimulator.Build.0 = AppStore|iPhoneSimulator
		{4A88DF22-F1A5-42E1-919A-488D87E9C90A}.AppStore|x64.ActiveCfg = AppStore|iPhoneSimulator
		{4A88DF22-F1A5-42E1-919A-488D87E9C90A}.AppStore|x86.ActiveCfg = AppStore|iPhoneSimulator
		{4A88DF22-F1A5-42E1-919A-488D87E9C90A}.Debug|Any CPU.ActiveCfg = Debug|iPhoneSimulator
		{4A88DF22-F1A5-42E1-919A-488D87E9C90A}.Debug|ARM.ActiveCfg = Debug|iPhoneSimulator
		{4A88DF22-F1A5-42E1-919A-488D87E9C90A}.Debug|ARM64.ActiveCfg = Debug|iPhoneSimulator
		{4A88DF22-F1A5-42E1-919A-488D87E9C90A}.Debug|iPhone.ActiveCfg = Debug|iPhone
		{4A88DF22-F1A5-42E1-919A-488D87E9C90A}.Debug|iPhone.Build.0 = Debug|iPhone
		{4A88DF22-F1A5-42E1-919A-488D87E9C90A}.Debug|iPhoneSimulator.ActiveCfg = Debug|iPhoneSimulator
		{4A88DF22-F1A5-42E1-919A-488D87E9C90A}.Debug|iPhoneSimulator.Build.0 = Debug|iPhoneSimulator
		{4A88DF22-F1A5-42E1-919A-488D87E9C90A}.Debug|x64.ActiveCfg = Debug|iPhoneSimulator
		{4A88DF22-F1A5-42E1-919A-488D87E9C90A}.Debug|x86.ActiveCfg = Debug|iPhoneSimulator
		{4A88DF22-F1A5-42E1-919A-488D87E9C90A}.Release|Any CPU.ActiveCfg = Release|iPhoneSimulator
		{4A88DF22-F1A5-42E1-919A-488D87E9C90A}.Release|ARM.ActiveCfg = Release|iPhoneSimulator
		{4A88DF22-F1A5-42E1-919A-488D87E9C90A}.Release|ARM64.ActiveCfg = Release|iPhoneSimulator
		{4A88DF22-F1A5-42E1-919A-488D87E9C90A}.Release|iPhone.ActiveCfg = Release|iPhone
		{4A88DF22-F1A5-42E1-919A-488D87E9C90A}.Release|iPhone.Build.0 = Release|iPhone
		{4A88DF22-F1A5-42E1-919A-488D87E9C90A}.Release|iPhoneSimulator.ActiveCfg = Release|iPhoneSimulator
		{4A88DF22-F1A5-42E1-919A-488D87E9C90A}.Release|iPhoneSimulator.Build.0 = Release|iPhoneSimulator
		{4A88DF22-F1A5-42E1-919A-488D87E9C90A}.Release|x64.ActiveCfg = Release|iPhoneSimulator
		{4A88DF22-F1A5-42E1-919A-488D87E9C90A}.Release|x86.ActiveCfg = Release|iPhoneSimulator
		{571F07F7-F8B0-482A-B4BF-003222CCB059}.Ad-Hoc|Any CPU.ActiveCfg = Debug|x86
		{571F07F7-F8B0-482A-B4BF-003222CCB059}.Ad-Hoc|Any CPU.Build.0 = Debug|x86
		{571F07F7-F8B0-482A-B4BF-003222CCB059}.Ad-Hoc|Any CPU.Deploy.0 = Debug|x86
		{571F07F7-F8B0-482A-B4BF-003222CCB059}.Ad-Hoc|ARM.ActiveCfg = Debug|ARM
		{571F07F7-F8B0-482A-B4BF-003222CCB059}.Ad-Hoc|ARM.Build.0 = Debug|ARM
		{571F07F7-F8B0-482A-B4BF-003222CCB059}.Ad-Hoc|ARM.Deploy.0 = Debug|ARM
		{571F07F7-F8B0-482A-B4BF-003222CCB059}.Ad-Hoc|ARM64.ActiveCfg = Debug|ARM64
		{571F07F7-F8B0-482A-B4BF-003222CCB059}.Ad-Hoc|ARM64.Build.0 = Debug|ARM64
		{571F07F7-F8B0-482A-B4BF-003222CCB059}.Ad-Hoc|ARM64.Deploy.0 = Debug|ARM64
		{571F07F7-F8B0-482A-B4BF-003222CCB059}.Ad-Hoc|iPhone.ActiveCfg = Debug|x86
		{571F07F7-F8B0-482A-B4BF-003222CCB059}.Ad-Hoc|iPhone.Build.0 = Debug|x86
		{571F07F7-F8B0-482A-B4BF-003222CCB059}.Ad-Hoc|iPhone.Deploy.0 = Debug|x86
		{571F07F7-F8B0-482A-B4BF-003222CCB059}.Ad-Hoc|iPhoneSimulator.ActiveCfg = Debug|x86
		{571F07F7-F8B0-482A-B4BF-003222CCB059}.Ad-Hoc|iPhoneSimulator.Build.0 = Debug|x86
		{571F07F7-F8B0-482A-B4BF-003222CCB059}.Ad-Hoc|iPhoneSimulator.Deploy.0 = Debug|x86
		{571F07F7-F8B0-482A-B4BF-003222CCB059}.Ad-Hoc|x64.ActiveCfg = Debug|x64
		{571F07F7-F8B0-482A-B4BF-003222CCB059}.Ad-Hoc|x64.Build.0 = Debug|x64
		{571F07F7-F8B0-482A-B4BF-003222CCB059}.Ad-Hoc|x64.Deploy.0 = Debug|x64
		{571F07F7-F8B0-482A-B4BF-003222CCB059}.Ad-Hoc|x86.ActiveCfg = Debug|x86
		{571F07F7-F8B0-482A-B4BF-003222CCB059}.Ad-Hoc|x86.Build.0 = Debug|x86
		{571F07F7-F8B0-482A-B4BF-003222CCB059}.Ad-Hoc|x86.Deploy.0 = Debug|x86
		{571F07F7-F8B0-482A-B4BF-003222CCB059}.AppStore|Any CPU.ActiveCfg = Debug|x86
		{571F07F7-F8B0-482A-B4BF-003222CCB059}.AppStore|Any CPU.Build.0 = Debug|x86
		{571F07F7-F8B0-482A-B4BF-003222CCB059}.AppStore|Any CPU.Deploy.0 = Debug|x86
		{571F07F7-F8B0-482A-B4BF-003222CCB059}.AppStore|ARM.ActiveCfg = Debug|ARM
		{571F07F7-F8B0-482A-B4BF-003222CCB059}.AppStore|ARM.Build.0 = Debug|ARM
		{571F07F7-F8B0-482A-B4BF-003222CCB059}.AppStore|ARM.Deploy.0 = Debug|ARM
		{571F07F7-F8B0-482A-B4BF-003222CCB059}.AppStore|ARM64.ActiveCfg = Debug|ARM64
		{571F07F7-F8B0-482A-B4BF-003222CCB059}.AppStore|ARM64.Build.0 = Debug|ARM64
		{571F07F7-F8B0-482A-B4BF-003222CCB059}.AppStore|ARM64.Deploy.0 = Debug|ARM64
		{571F07F7-F8B0-482A-B4BF-003222CCB059}.AppStore|iPhone.ActiveCfg = Debug|x86
		{571F07F7-F8B0-482A-B4BF-003222CCB059}.AppStore|iPhone.Build.0 = Debug|x86
		{571F07F7-F8B0-482A-B4BF-003222CCB059}.AppStore|iPhone.Deploy.0 = Debug|x86
		{571F07F7-F8B0-482A-B4BF-003222CCB059}.AppStore|iPhoneSimulator.ActiveCfg = Debug|x86
		{571F07F7-F8B0-482A-B4BF-003222CCB059}.AppStore|iPhoneSimulator.Build.0 = Debug|x86
		{571F07F7-F8B0-482A-B4BF-003222CCB059}.AppStore|iPhoneSimulator.Deploy.0 = Debug|x86
		{571F07F7-F8B0-482A-B4BF-003222CCB059}.AppStore|x64.ActiveCfg = Debug|x64
		{571F07F7-F8B0-482A-B4BF-003222CCB059}.AppStore|x64.Build.0 = Debug|x64
		{571F07F7-F8B0-482A-B4BF-003222CCB059}.AppStore|x64.Deploy.0 = Debug|x64
		{571F07F7-F8B0-482A-B4BF-003222CCB059}.AppStore|x86.ActiveCfg = Debug|x86
		{571F07F7-F8B0-482A-B4BF-003222CCB059}.AppStore|x86.Build.0 = Debug|x86
		{571F07F7-F8B0-482A-B4BF-003222CCB059}.AppStore|x86.Deploy.0 = Debug|x86
		{571F07F7-F8B0-482A-B4BF-003222CCB059}.Debug|Any CPU.ActiveCfg = Debug|x86
		{571F07F7-F8B0-482A-B4BF-003222CCB059}.Debug|Any CPU.Build.0 = Debug|x86
		{571F07F7-F8B0-482A-B4BF-003222CCB059}.Debug|Any CPU.Deploy.0 = Debug|x86
		{571F07F7-F8B0-482A-B4BF-003222CCB059}.Debug|ARM.ActiveCfg = Debug|ARM
		{571F07F7-F8B0-482A-B4BF-003222CCB059}.Debug|ARM.Build.0 = Debug|ARM
		{571F07F7-F8B0-482A-B4BF-003222CCB059}.Debug|ARM.Deploy.0 = Debug|ARM
		{571F07F7-F8B0-482A-B4BF-003222CCB059}.Debug|ARM64.ActiveCfg = Debug|ARM64
		{571F07F7-F8B0-482A-B4BF-003222CCB059}.Debug|ARM64.Build.0 = Debug|ARM64
		{571F07F7-F8B0-482A-B4BF-003222CCB059}.Debug|ARM64.Deploy.0 = Debug|ARM64
		{571F07F7-F8B0-482A-B4BF-003222CCB059}.Debug|iPhone.ActiveCfg = Debug|x86
		{571F07F7-F8B0-482A-B4BF-003222CCB059}.Debug|iPhoneSimulator.ActiveCfg = Debug|x86
		{571F07F7-F8B0-482A-B4BF-003222CCB059}.Debug|x64.ActiveCfg = Debug|x64
		{571F07F7-F8B0-482A-B4BF-003222CCB059}.Debug|x64.Build.0 = Debug|x64
		{571F07F7-F8B0-482A-B4BF-003222CCB059}.Debug|x64.Deploy.0 = Debug|x64
		{571F07F7-F8B0-482A-B4BF-003222CCB059}.Debug|x86.ActiveCfg = Debug|x86
		{571F07F7-F8B0-482A-B4BF-003222CCB059}.Debug|x86.Build.0 = Debug|x86
		{571F07F7-F8B0-482A-B4BF-003222CCB059}.Debug|x86.Deploy.0 = Debug|x86
		{571F07F7-F8B0-482A-B4BF-003222CCB059}.Release|Any CPU.ActiveCfg = Release|x86
		{571F07F7-F8B0-482A-B4BF-003222CCB059}.Release|ARM.ActiveCfg = Release|ARM
		{571F07F7-F8B0-482A-B4BF-003222CCB059}.Release|ARM.Build.0 = Release|ARM
		{571F07F7-F8B0-482A-B4BF-003222CCB059}.Release|ARM.Deploy.0 = Release|ARM
		{571F07F7-F8B0-482A-B4BF-003222CCB059}.Release|ARM64.ActiveCfg = Release|ARM64
		{571F07F7-F8B0-482A-B4BF-003222CCB059}.Release|ARM64.Build.0 = Release|ARM64
		{571F07F7-F8B0-482A-B4BF-003222CCB059}.Release|ARM64.Deploy.0 = Release|ARM64
		{571F07F7-F8B0-482A-B4BF-003222CCB059}.Release|iPhone.ActiveCfg = Release|x86
		{571F07F7-F8B0-482A-B4BF-003222CCB059}.Release|iPhoneSimulator.ActiveCfg = Release|x86
		{571F07F7-F8B0-482A-B4BF-003222CCB059}.Release|x64.ActiveCfg = Release|x64
		{571F07F7-F8B0-482A-B4BF-003222CCB059}.Release|x64.Build.0 = Release|x64
		{571F07F7-F8B0-482A-B4BF-003222CCB059}.Release|x64.Deploy.0 = Release|x64
		{571F07F7-F8B0-482A-B4BF-003222CCB059}.Release|x86.ActiveCfg = Release|x86
		{571F07F7-F8B0-482A-B4BF-003222CCB059}.Release|x86.Build.0 = Release|x86
		{571F07F7-F8B0-482A-B4BF-003222CCB059}.Release|x86.Deploy.0 = Release|x86
		{787282CF-7E55-413B-B279-89B4B81A1AF5}.Ad-Hoc|Any CPU.ActiveCfg = Debug|Any CPU
		{787282CF-7E55-413B-B279-89B4B81A1AF5}.Ad-Hoc|Any CPU.Build.0 = Debug|Any CPU
		{787282CF-7E55-413B-B279-89B4B81A1AF5}.Ad-Hoc|ARM.ActiveCfg = Debug|Any CPU
		{787282CF-7E55-413B-B279-89B4B81A1AF5}.Ad-Hoc|ARM.Build.0 = Debug|Any CPU
		{787282CF-7E55-413B-B279-89B4B81A1AF5}.Ad-Hoc|ARM64.ActiveCfg = Debug|Any CPU
		{787282CF-7E55-413B-B279-89B4B81A1AF5}.Ad-Hoc|ARM64.Build.0 = Debug|Any CPU
		{787282CF-7E55-413B-B279-89B4B81A1AF5}.Ad-Hoc|iPhone.ActiveCfg = Debug|Any CPU
		{787282CF-7E55-413B-B279-89B4B81A1AF5}.Ad-Hoc|iPhone.Build.0 = Debug|Any CPU
		{787282CF-7E55-413B-B279-89B4B81A1AF5}.Ad-Hoc|iPhoneSimulator.ActiveCfg = Debug|Any CPU
		{787282CF-7E55-413B-B279-89B4B81A1AF5}.Ad-Hoc|iPhoneSimulator.Build.0 = Debug|Any CPU
		{787282CF-7E55-413B-B279-89B4B81A1AF5}.Ad-Hoc|x64.ActiveCfg = Debug|Any CPU
		{787282CF-7E55-413B-B279-89B4B81A1AF5}.Ad-Hoc|x64.Build.0 = Debug|Any CPU
		{787282CF-7E55-413B-B279-89B4B81A1AF5}.Ad-Hoc|x86.ActiveCfg = Debug|Any CPU
		{787282CF-7E55-413B-B279-89B4B81A1AF5}.Ad-Hoc|x86.Build.0 = Debug|Any CPU
		{787282CF-7E55-413B-B279-89B4B81A1AF5}.AppStore|Any CPU.ActiveCfg = Debug|Any CPU
		{787282CF-7E55-413B-B279-89B4B81A1AF5}.AppStore|Any CPU.Build.0 = Debug|Any CPU
		{787282CF-7E55-413B-B279-89B4B81A1AF5}.AppStore|ARM.ActiveCfg = Debug|Any CPU
		{787282CF-7E55-413B-B279-89B4B81A1AF5}.AppStore|ARM.Build.0 = Debug|Any CPU
		{787282CF-7E55-413B-B279-89B4B81A1AF5}.AppStore|ARM64.ActiveCfg = Debug|Any CPU
		{787282CF-7E55-413B-B279-89B4B81A1AF5}.AppStore|ARM64.Build.0 = Debug|Any CPU
		{787282CF-7E55-413B-B279-89B4B81A1AF5}.AppStore|iPhone.ActiveCfg = Debug|Any CPU
		{787282CF-7E55-413B-B279-89B4B81A1AF5}.AppStore|iPhone.Build.0 = Debug|Any CPU
		{787282CF-7E55-413B-B279-89B4B81A1AF5}.AppStore|iPhoneSimulator.ActiveCfg = Debug|Any CPU
		{787282CF-7E55-413B-B279-89B4B81A1AF5}.AppStore|iPhoneSimulator.Build.0 = Debug|Any CPU
		{787282CF-7E55-413B-B279-89B4B81A1AF5}.AppStore|x64.ActiveCfg = Debug|Any CPU
		{787282CF-7E55-413B-B279-89B4B81A1AF5}.AppStore|x64.Build.0 = Debug|Any CPU
		{787282CF-7E55-413B-B279-89B4B81A1AF5}.AppStore|x86.ActiveCfg = Debug|Any CPU
		{787282CF-7E55-413B-B279-89B4B81A1AF5}.AppStore|x86.Build.0 = Debug|Any CPU
		{787282CF-7E55-413B-B279-89B4B81A1AF5}.Debug|Any CPU.ActiveCfg = Debug|Any CPU
		{787282CF-7E55-413B-B279-89B4B81A1AF5}.Debug|Any CPU.Build.0 = Debug|Any CPU
		{787282CF-7E55-413B-B279-89B4B81A1AF5}.Debug|ARM.ActiveCfg = Debug|Any CPU
		{787282CF-7E55-413B-B279-89B4B81A1AF5}.Debug|ARM.Build.0 = Debug|Any CPU
		{787282CF-7E55-413B-B279-89B4B81A1AF5}.Debug|ARM64.ActiveCfg = Debug|Any CPU
		{787282CF-7E55-413B-B279-89B4B81A1AF5}.Debug|ARM64.Build.0 = Debug|Any CPU
		{787282CF-7E55-413B-B279-89B4B81A1AF5}.Debug|iPhone.ActiveCfg = Debug|Any CPU
		{787282CF-7E55-413B-B279-89B4B81A1AF5}.Debug|iPhone.Build.0 = Debug|Any CPU
		{787282CF-7E55-413B-B279-89B4B81A1AF5}.Debug|iPhoneSimulator.ActiveCfg = Debug|Any CPU
		{787282CF-7E55-413B-B279-89B4B81A1AF5}.Debug|iPhoneSimulator.Build.0 = Debug|Any CPU
		{787282CF-7E55-413B-B279-89B4B81A1AF5}.Debug|x64.ActiveCfg = Debug|Any CPU
		{787282CF-7E55-413B-B279-89B4B81A1AF5}.Debug|x64.Build.0 = Debug|Any CPU
		{787282CF-7E55-413B-B279-89B4B81A1AF5}.Debug|x86.ActiveCfg = Debug|Any CPU
		{787282CF-7E55-413B-B279-89B4B81A1AF5}.Debug|x86.Build.0 = Debug|Any CPU
		{787282CF-7E55-413B-B279-89B4B81A1AF5}.Release|Any CPU.ActiveCfg = Release|Any CPU
		{787282CF-7E55-413B-B279-89B4B81A1AF5}.Release|Any CPU.Build.0 = Release|Any CPU
		{787282CF-7E55-413B-B279-89B4B81A1AF5}.Release|ARM.ActiveCfg = Release|Any CPU
		{787282CF-7E55-413B-B279-89B4B81A1AF5}.Release|ARM.Build.0 = Release|Any CPU
		{787282CF-7E55-413B-B279-89B4B81A1AF5}.Release|ARM64.ActiveCfg = Release|Any CPU
		{787282CF-7E55-413B-B279-89B4B81A1AF5}.Release|ARM64.Build.0 = Release|Any CPU
		{787282CF-7E55-413B-B279-89B4B81A1AF5}.Release|iPhone.ActiveCfg = Release|Any CPU
		{787282CF-7E55-413B-B279-89B4B81A1AF5}.Release|iPhone.Build.0 = Release|Any CPU
		{787282CF-7E55-413B-B279-89B4B81A1AF5}.Release|iPhoneSimulator.ActiveCfg = Release|Any CPU
		{787282CF-7E55-413B-B279-89B4B81A1AF5}.Release|iPhoneSimulator.Build.0 = Release|Any CPU
		{787282CF-7E55-413B-B279-89B4B81A1AF5}.Release|x64.ActiveCfg = Release|Any CPU
		{787282CF-7E55-413B-B279-89B4B81A1AF5}.Release|x64.Build.0 = Release|Any CPU
		{787282CF-7E55-413B-B279-89B4B81A1AF5}.Release|x86.ActiveCfg = Release|Any CPU
		{787282CF-7E55-413B-B279-89B4B81A1AF5}.Release|x86.Build.0 = Release|Any CPU
		{319B9F6D-C644-4F29-809E-A347592C5F0F}.Ad-Hoc|Any CPU.ActiveCfg = Debug|iPhoneSimulator
		{319B9F6D-C644-4F29-809E-A347592C5F0F}.Ad-Hoc|Any CPU.Build.0 = Debug|iPhoneSimulator
		{319B9F6D-C644-4F29-809E-A347592C5F0F}.Ad-Hoc|ARM.ActiveCfg = Debug|iPhoneSimulator
		{319B9F6D-C644-4F29-809E-A347592C5F0F}.Ad-Hoc|ARM.Build.0 = Debug|iPhoneSimulator
		{319B9F6D-C644-4F29-809E-A347592C5F0F}.Ad-Hoc|ARM64.ActiveCfg = Debug|iPhoneSimulator
		{319B9F6D-C644-4F29-809E-A347592C5F0F}.Ad-Hoc|ARM64.Build.0 = Debug|iPhoneSimulator
		{319B9F6D-C644-4F29-809E-A347592C5F0F}.Ad-Hoc|iPhone.ActiveCfg = Debug|iPhoneSimulator
		{319B9F6D-C644-4F29-809E-A347592C5F0F}.Ad-Hoc|iPhone.Build.0 = Debug|iPhoneSimulator
		{319B9F6D-C644-4F29-809E-A347592C5F0F}.Ad-Hoc|iPhoneSimulator.ActiveCfg = Debug|iPhoneSimulator
		{319B9F6D-C644-4F29-809E-A347592C5F0F}.Ad-Hoc|iPhoneSimulator.Build.0 = Debug|iPhoneSimulator
		{319B9F6D-C644-4F29-809E-A347592C5F0F}.Ad-Hoc|x64.ActiveCfg = Debug|iPhoneSimulator
		{319B9F6D-C644-4F29-809E-A347592C5F0F}.Ad-Hoc|x64.Build.0 = Debug|iPhoneSimulator
		{319B9F6D-C644-4F29-809E-A347592C5F0F}.Ad-Hoc|x86.ActiveCfg = Debug|iPhoneSimulator
		{319B9F6D-C644-4F29-809E-A347592C5F0F}.Ad-Hoc|x86.Build.0 = Debug|iPhoneSimulator
		{319B9F6D-C644-4F29-809E-A347592C5F0F}.AppStore|Any CPU.ActiveCfg = Debug|iPhoneSimulator
		{319B9F6D-C644-4F29-809E-A347592C5F0F}.AppStore|Any CPU.Build.0 = Debug|iPhoneSimulator
		{319B9F6D-C644-4F29-809E-A347592C5F0F}.AppStore|ARM.ActiveCfg = Debug|iPhoneSimulator
		{319B9F6D-C644-4F29-809E-A347592C5F0F}.AppStore|ARM.Build.0 = Debug|iPhoneSimulator
		{319B9F6D-C644-4F29-809E-A347592C5F0F}.AppStore|ARM64.ActiveCfg = Debug|iPhoneSimulator
		{319B9F6D-C644-4F29-809E-A347592C5F0F}.AppStore|ARM64.Build.0 = Debug|iPhoneSimulator
		{319B9F6D-C644-4F29-809E-A347592C5F0F}.AppStore|iPhone.ActiveCfg = Debug|iPhoneSimulator
		{319B9F6D-C644-4F29-809E-A347592C5F0F}.AppStore|iPhone.Build.0 = Debug|iPhoneSimulator
		{319B9F6D-C644-4F29-809E-A347592C5F0F}.AppStore|iPhoneSimulator.ActiveCfg = Debug|iPhoneSimulator
		{319B9F6D-C644-4F29-809E-A347592C5F0F}.AppStore|iPhoneSimulator.Build.0 = Debug|iPhoneSimulator
		{319B9F6D-C644-4F29-809E-A347592C5F0F}.AppStore|x64.ActiveCfg = Debug|iPhoneSimulator
		{319B9F6D-C644-4F29-809E-A347592C5F0F}.AppStore|x64.Build.0 = Debug|iPhoneSimulator
		{319B9F6D-C644-4F29-809E-A347592C5F0F}.AppStore|x86.ActiveCfg = Debug|iPhoneSimulator
		{319B9F6D-C644-4F29-809E-A347592C5F0F}.AppStore|x86.Build.0 = Debug|iPhoneSimulator
		{319B9F6D-C644-4F29-809E-A347592C5F0F}.Debug|Any CPU.ActiveCfg = Debug|iPhoneSimulator
		{319B9F6D-C644-4F29-809E-A347592C5F0F}.Debug|ARM.ActiveCfg = Debug|iPhoneSimulator
		{319B9F6D-C644-4F29-809E-A347592C5F0F}.Debug|ARM64.ActiveCfg = Debug|iPhoneSimulator
		{319B9F6D-C644-4F29-809E-A347592C5F0F}.Debug|iPhone.ActiveCfg = Debug|iPhoneSimulator
		{319B9F6D-C644-4F29-809E-A347592C5F0F}.Debug|iPhoneSimulator.ActiveCfg = Debug|iPhoneSimulator
		{319B9F6D-C644-4F29-809E-A347592C5F0F}.Debug|iPhoneSimulator.Build.0 = Debug|iPhoneSimulator
		{319B9F6D-C644-4F29-809E-A347592C5F0F}.Debug|x64.ActiveCfg = Debug|iPhoneSimulator
		{319B9F6D-C644-4F29-809E-A347592C5F0F}.Debug|x86.ActiveCfg = Debug|iPhoneSimulator
		{319B9F6D-C644-4F29-809E-A347592C5F0F}.Release|Any CPU.ActiveCfg = Release|iPhoneSimulator
		{319B9F6D-C644-4F29-809E-A347592C5F0F}.Release|ARM.ActiveCfg = Release|iPhoneSimulator
		{319B9F6D-C644-4F29-809E-A347592C5F0F}.Release|ARM64.ActiveCfg = Release|iPhoneSimulator
		{319B9F6D-C644-4F29-809E-A347592C5F0F}.Release|iPhone.ActiveCfg = Release|iPhoneSimulator
		{319B9F6D-C644-4F29-809E-A347592C5F0F}.Release|iPhoneSimulator.ActiveCfg = Release|iPhoneSimulator
		{319B9F6D-C644-4F29-809E-A347592C5F0F}.Release|iPhoneSimulator.Build.0 = Release|iPhoneSimulator
		{319B9F6D-C644-4F29-809E-A347592C5F0F}.Release|x64.ActiveCfg = Release|iPhoneSimulator
		{319B9F6D-C644-4F29-809E-A347592C5F0F}.Release|x86.ActiveCfg = Release|iPhoneSimulator
		{EDB5A17A-1C15-46A4-89F5-093ACAE6A733}.Ad-Hoc|Any CPU.ActiveCfg = Debug|Any CPU
		{EDB5A17A-1C15-46A4-89F5-093ACAE6A733}.Ad-Hoc|Any CPU.Build.0 = Debug|Any CPU
		{EDB5A17A-1C15-46A4-89F5-093ACAE6A733}.Ad-Hoc|ARM.ActiveCfg = Debug|Any CPU
		{EDB5A17A-1C15-46A4-89F5-093ACAE6A733}.Ad-Hoc|ARM.Build.0 = Debug|Any CPU
		{EDB5A17A-1C15-46A4-89F5-093ACAE6A733}.Ad-Hoc|ARM64.ActiveCfg = Debug|Any CPU
		{EDB5A17A-1C15-46A4-89F5-093ACAE6A733}.Ad-Hoc|ARM64.Build.0 = Debug|Any CPU
		{EDB5A17A-1C15-46A4-89F5-093ACAE6A733}.Ad-Hoc|iPhone.ActiveCfg = Debug|Any CPU
		{EDB5A17A-1C15-46A4-89F5-093ACAE6A733}.Ad-Hoc|iPhone.Build.0 = Debug|Any CPU
		{EDB5A17A-1C15-46A4-89F5-093ACAE6A733}.Ad-Hoc|iPhoneSimulator.ActiveCfg = Debug|Any CPU
		{EDB5A17A-1C15-46A4-89F5-093ACAE6A733}.Ad-Hoc|iPhoneSimulator.Build.0 = Debug|Any CPU
		{EDB5A17A-1C15-46A4-89F5-093ACAE6A733}.Ad-Hoc|x64.ActiveCfg = Debug|Any CPU
		{EDB5A17A-1C15-46A4-89F5-093ACAE6A733}.Ad-Hoc|x64.Build.0 = Debug|Any CPU
		{EDB5A17A-1C15-46A4-89F5-093ACAE6A733}.Ad-Hoc|x86.ActiveCfg = Debug|Any CPU
		{EDB5A17A-1C15-46A4-89F5-093ACAE6A733}.Ad-Hoc|x86.Build.0 = Debug|Any CPU
		{EDB5A17A-1C15-46A4-89F5-093ACAE6A733}.AppStore|Any CPU.ActiveCfg = Debug|Any CPU
		{EDB5A17A-1C15-46A4-89F5-093ACAE6A733}.AppStore|Any CPU.Build.0 = Debug|Any CPU
		{EDB5A17A-1C15-46A4-89F5-093ACAE6A733}.AppStore|ARM.ActiveCfg = Debug|Any CPU
		{EDB5A17A-1C15-46A4-89F5-093ACAE6A733}.AppStore|ARM.Build.0 = Debug|Any CPU
		{EDB5A17A-1C15-46A4-89F5-093ACAE6A733}.AppStore|ARM64.ActiveCfg = Debug|Any CPU
		{EDB5A17A-1C15-46A4-89F5-093ACAE6A733}.AppStore|ARM64.Build.0 = Debug|Any CPU
		{EDB5A17A-1C15-46A4-89F5-093ACAE6A733}.AppStore|iPhone.ActiveCfg = Debug|Any CPU
		{EDB5A17A-1C15-46A4-89F5-093ACAE6A733}.AppStore|iPhone.Build.0 = Debug|Any CPU
		{EDB5A17A-1C15-46A4-89F5-093ACAE6A733}.AppStore|iPhoneSimulator.ActiveCfg = Debug|Any CPU
		{EDB5A17A-1C15-46A4-89F5-093ACAE6A733}.AppStore|iPhoneSimulator.Build.0 = Debug|Any CPU
		{EDB5A17A-1C15-46A4-89F5-093ACAE6A733}.AppStore|x64.ActiveCfg = Debug|Any CPU
		{EDB5A17A-1C15-46A4-89F5-093ACAE6A733}.AppStore|x64.Build.0 = Debug|Any CPU
		{EDB5A17A-1C15-46A4-89F5-093ACAE6A733}.AppStore|x86.ActiveCfg = Debug|Any CPU
		{EDB5A17A-1C15-46A4-89F5-093ACAE6A733}.AppStore|x86.Build.0 = Debug|Any CPU
		{EDB5A17A-1C15-46A4-89F5-093ACAE6A733}.Debug|Any CPU.ActiveCfg = Debug|Any CPU
		{EDB5A17A-1C15-46A4-89F5-093ACAE6A733}.Debug|Any CPU.Build.0 = Debug|Any CPU
		{EDB5A17A-1C15-46A4-89F5-093ACAE6A733}.Debug|ARM.ActiveCfg = Debug|Any CPU
		{EDB5A17A-1C15-46A4-89F5-093ACAE6A733}.Debug|ARM.Build.0 = Debug|Any CPU
		{EDB5A17A-1C15-46A4-89F5-093ACAE6A733}.Debug|ARM64.ActiveCfg = Debug|Any CPU
		{EDB5A17A-1C15-46A4-89F5-093ACAE6A733}.Debug|ARM64.Build.0 = Debug|Any CPU
		{EDB5A17A-1C15-46A4-89F5-093ACAE6A733}.Debug|iPhone.ActiveCfg = Debug|Any CPU
		{EDB5A17A-1C15-46A4-89F5-093ACAE6A733}.Debug|iPhone.Build.0 = Debug|Any CPU
		{EDB5A17A-1C15-46A4-89F5-093ACAE6A733}.Debug|iPhoneSimulator.ActiveCfg = Debug|Any CPU
		{EDB5A17A-1C15-46A4-89F5-093ACAE6A733}.Debug|iPhoneSimulator.Build.0 = Debug|Any CPU
		{EDB5A17A-1C15-46A4-89F5-093ACAE6A733}.Debug|x64.ActiveCfg = Debug|Any CPU
		{EDB5A17A-1C15-46A4-89F5-093ACAE6A733}.Debug|x64.Build.0 = Debug|Any CPU
		{EDB5A17A-1C15-46A4-89F5-093ACAE6A733}.Debug|x86.ActiveCfg = Debug|Any CPU
		{EDB5A17A-1C15-46A4-89F5-093ACAE6A733}.Debug|x86.Build.0 = Debug|Any CPU
		{EDB5A17A-1C15-46A4-89F5-093ACAE6A733}.Release|Any CPU.ActiveCfg = Release|Any CPU
		{EDB5A17A-1C15-46A4-89F5-093ACAE6A733}.Release|Any CPU.Build.0 = Release|Any CPU
		{EDB5A17A-1C15-46A4-89F5-093ACAE6A733}.Release|ARM.ActiveCfg = Release|Any CPU
		{EDB5A17A-1C15-46A4-89F5-093ACAE6A733}.Release|ARM.Build.0 = Release|Any CPU
		{EDB5A17A-1C15-46A4-89F5-093ACAE6A733}.Release|ARM64.ActiveCfg = Release|Any CPU
		{EDB5A17A-1C15-46A4-89F5-093ACAE6A733}.Release|ARM64.Build.0 = Release|Any CPU
		{EDB5A17A-1C15-46A4-89F5-093ACAE6A733}.Release|iPhone.ActiveCfg = Release|Any CPU
		{EDB5A17A-1C15-46A4-89F5-093ACAE6A733}.Release|iPhone.Build.0 = Release|Any CPU
		{EDB5A17A-1C15-46A4-89F5-093ACAE6A733}.Release|iPhoneSimulator.ActiveCfg = Release|Any CPU
		{EDB5A17A-1C15-46A4-89F5-093ACAE6A733}.Release|iPhoneSimulator.Build.0 = Release|Any CPU
		{EDB5A17A-1C15-46A4-89F5-093ACAE6A733}.Release|x64.ActiveCfg = Release|Any CPU
		{EDB5A17A-1C15-46A4-89F5-093ACAE6A733}.Release|x64.Build.0 = Release|Any CPU
		{EDB5A17A-1C15-46A4-89F5-093ACAE6A733}.Release|x86.ActiveCfg = Release|Any CPU
		{EDB5A17A-1C15-46A4-89F5-093ACAE6A733}.Release|x86.Build.0 = Release|Any CPU
		{FD84DB12-EC1B-48BB-847A-1944D3769A2B}.Ad-Hoc|Any CPU.ActiveCfg = Debug|Any CPU
		{FD84DB12-EC1B-48BB-847A-1944D3769A2B}.Ad-Hoc|Any CPU.Build.0 = Debug|Any CPU
		{FD84DB12-EC1B-48BB-847A-1944D3769A2B}.Ad-Hoc|ARM.ActiveCfg = Debug|Any CPU
		{FD84DB12-EC1B-48BB-847A-1944D3769A2B}.Ad-Hoc|ARM.Build.0 = Debug|Any CPU
		{FD84DB12-EC1B-48BB-847A-1944D3769A2B}.Ad-Hoc|ARM64.ActiveCfg = Debug|Any CPU
		{FD84DB12-EC1B-48BB-847A-1944D3769A2B}.Ad-Hoc|ARM64.Build.0 = Debug|Any CPU
		{FD84DB12-EC1B-48BB-847A-1944D3769A2B}.Ad-Hoc|iPhone.ActiveCfg = Debug|Any CPU
		{FD84DB12-EC1B-48BB-847A-1944D3769A2B}.Ad-Hoc|iPhone.Build.0 = Debug|Any CPU
		{FD84DB12-EC1B-48BB-847A-1944D3769A2B}.Ad-Hoc|iPhoneSimulator.ActiveCfg = Debug|Any CPU
		{FD84DB12-EC1B-48BB-847A-1944D3769A2B}.Ad-Hoc|iPhoneSimulator.Build.0 = Debug|Any CPU
		{FD84DB12-EC1B-48BB-847A-1944D3769A2B}.Ad-Hoc|x64.ActiveCfg = Debug|Any CPU
		{FD84DB12-EC1B-48BB-847A-1944D3769A2B}.Ad-Hoc|x64.Build.0 = Debug|Any CPU
		{FD84DB12-EC1B-48BB-847A-1944D3769A2B}.Ad-Hoc|x86.ActiveCfg = Debug|Any CPU
		{FD84DB12-EC1B-48BB-847A-1944D3769A2B}.Ad-Hoc|x86.Build.0 = Debug|Any CPU
		{FD84DB12-EC1B-48BB-847A-1944D3769A2B}.AppStore|Any CPU.ActiveCfg = Debug|Any CPU
		{FD84DB12-EC1B-48BB-847A-1944D3769A2B}.AppStore|Any CPU.Build.0 = Debug|Any CPU
		{FD84DB12-EC1B-48BB-847A-1944D3769A2B}.AppStore|ARM.ActiveCfg = Debug|Any CPU
		{FD84DB12-EC1B-48BB-847A-1944D3769A2B}.AppStore|ARM.Build.0 = Debug|Any CPU
		{FD84DB12-EC1B-48BB-847A-1944D3769A2B}.AppStore|ARM64.ActiveCfg = Debug|Any CPU
		{FD84DB12-EC1B-48BB-847A-1944D3769A2B}.AppStore|ARM64.Build.0 = Debug|Any CPU
		{FD84DB12-EC1B-48BB-847A-1944D3769A2B}.AppStore|iPhone.ActiveCfg = Debug|Any CPU
		{FD84DB12-EC1B-48BB-847A-1944D3769A2B}.AppStore|iPhone.Build.0 = Debug|Any CPU
		{FD84DB12-EC1B-48BB-847A-1944D3769A2B}.AppStore|iPhoneSimulator.ActiveCfg = Debug|Any CPU
		{FD84DB12-EC1B-48BB-847A-1944D3769A2B}.AppStore|iPhoneSimulator.Build.0 = Debug|Any CPU
		{FD84DB12-EC1B-48BB-847A-1944D3769A2B}.AppStore|x64.ActiveCfg = Debug|Any CPU
		{FD84DB12-EC1B-48BB-847A-1944D3769A2B}.AppStore|x64.Build.0 = Debug|Any CPU
		{FD84DB12-EC1B-48BB-847A-1944D3769A2B}.AppStore|x86.ActiveCfg = Debug|Any CPU
		{FD84DB12-EC1B-48BB-847A-1944D3769A2B}.AppStore|x86.Build.0 = Debug|Any CPU
		{FD84DB12-EC1B-48BB-847A-1944D3769A2B}.Debug|Any CPU.ActiveCfg = Debug|Any CPU
		{FD84DB12-EC1B-48BB-847A-1944D3769A2B}.Debug|Any CPU.Build.0 = Debug|Any CPU
		{FD84DB12-EC1B-48BB-847A-1944D3769A2B}.Debug|ARM.ActiveCfg = Debug|Any CPU
		{FD84DB12-EC1B-48BB-847A-1944D3769A2B}.Debug|ARM.Build.0 = Debug|Any CPU
		{FD84DB12-EC1B-48BB-847A-1944D3769A2B}.Debug|ARM64.ActiveCfg = Debug|Any CPU
		{FD84DB12-EC1B-48BB-847A-1944D3769A2B}.Debug|ARM64.Build.0 = Debug|Any CPU
		{FD84DB12-EC1B-48BB-847A-1944D3769A2B}.Debug|iPhone.ActiveCfg = Debug|Any CPU
		{FD84DB12-EC1B-48BB-847A-1944D3769A2B}.Debug|iPhone.Build.0 = Debug|Any CPU
		{FD84DB12-EC1B-48BB-847A-1944D3769A2B}.Debug|iPhoneSimulator.ActiveCfg = Debug|Any CPU
		{FD84DB12-EC1B-48BB-847A-1944D3769A2B}.Debug|iPhoneSimulator.Build.0 = Debug|Any CPU
		{FD84DB12-EC1B-48BB-847A-1944D3769A2B}.Debug|x64.ActiveCfg = Debug|Any CPU
		{FD84DB12-EC1B-48BB-847A-1944D3769A2B}.Debug|x64.Build.0 = Debug|Any CPU
		{FD84DB12-EC1B-48BB-847A-1944D3769A2B}.Debug|x86.ActiveCfg = Debug|Any CPU
		{FD84DB12-EC1B-48BB-847A-1944D3769A2B}.Debug|x86.Build.0 = Debug|Any CPU
		{FD84DB12-EC1B-48BB-847A-1944D3769A2B}.Release|Any CPU.ActiveCfg = Release|Any CPU
		{FD84DB12-EC1B-48BB-847A-1944D3769A2B}.Release|Any CPU.Build.0 = Release|Any CPU
		{FD84DB12-EC1B-48BB-847A-1944D3769A2B}.Release|ARM.ActiveCfg = Release|Any CPU
		{FD84DB12-EC1B-48BB-847A-1944D3769A2B}.Release|ARM.Build.0 = Release|Any CPU
		{FD84DB12-EC1B-48BB-847A-1944D3769A2B}.Release|ARM64.ActiveCfg = Release|Any CPU
		{FD84DB12-EC1B-48BB-847A-1944D3769A2B}.Release|ARM64.Build.0 = Release|Any CPU
		{FD84DB12-EC1B-48BB-847A-1944D3769A2B}.Release|iPhone.ActiveCfg = Release|Any CPU
		{FD84DB12-EC1B-48BB-847A-1944D3769A2B}.Release|iPhone.Build.0 = Release|Any CPU
		{FD84DB12-EC1B-48BB-847A-1944D3769A2B}.Release|iPhoneSimulator.ActiveCfg = Release|Any CPU
		{FD84DB12-EC1B-48BB-847A-1944D3769A2B}.Release|iPhoneSimulator.Build.0 = Release|Any CPU
		{FD84DB12-EC1B-48BB-847A-1944D3769A2B}.Release|x64.ActiveCfg = Release|Any CPU
		{FD84DB12-EC1B-48BB-847A-1944D3769A2B}.Release|x64.Build.0 = Release|Any CPU
		{FD84DB12-EC1B-48BB-847A-1944D3769A2B}.Release|x86.ActiveCfg = Release|Any CPU
		{FD84DB12-EC1B-48BB-847A-1944D3769A2B}.Release|x86.Build.0 = Release|Any CPU
		{D338CEAF-B85A-43DB-9797-A13A775D89E0}.Ad-Hoc|Any CPU.ActiveCfg = Debug|Any CPU
		{D338CEAF-B85A-43DB-9797-A13A775D89E0}.Ad-Hoc|Any CPU.Build.0 = Debug|Any CPU
		{D338CEAF-B85A-43DB-9797-A13A775D89E0}.Ad-Hoc|ARM.ActiveCfg = Debug|Any CPU
		{D338CEAF-B85A-43DB-9797-A13A775D89E0}.Ad-Hoc|ARM.Build.0 = Debug|Any CPU
		{D338CEAF-B85A-43DB-9797-A13A775D89E0}.Ad-Hoc|ARM64.ActiveCfg = Debug|Any CPU
		{D338CEAF-B85A-43DB-9797-A13A775D89E0}.Ad-Hoc|ARM64.Build.0 = Debug|Any CPU
		{D338CEAF-B85A-43DB-9797-A13A775D89E0}.Ad-Hoc|iPhone.ActiveCfg = Debug|Any CPU
		{D338CEAF-B85A-43DB-9797-A13A775D89E0}.Ad-Hoc|iPhone.Build.0 = Debug|Any CPU
		{D338CEAF-B85A-43DB-9797-A13A775D89E0}.Ad-Hoc|iPhoneSimulator.ActiveCfg = Debug|Any CPU
		{D338CEAF-B85A-43DB-9797-A13A775D89E0}.Ad-Hoc|iPhoneSimulator.Build.0 = Debug|Any CPU
		{D338CEAF-B85A-43DB-9797-A13A775D89E0}.Ad-Hoc|x64.ActiveCfg = Debug|Any CPU
		{D338CEAF-B85A-43DB-9797-A13A775D89E0}.Ad-Hoc|x64.Build.0 = Debug|Any CPU
		{D338CEAF-B85A-43DB-9797-A13A775D89E0}.Ad-Hoc|x86.ActiveCfg = Debug|Any CPU
		{D338CEAF-B85A-43DB-9797-A13A775D89E0}.Ad-Hoc|x86.Build.0 = Debug|Any CPU
		{D338CEAF-B85A-43DB-9797-A13A775D89E0}.AppStore|Any CPU.ActiveCfg = Debug|Any CPU
		{D338CEAF-B85A-43DB-9797-A13A775D89E0}.AppStore|Any CPU.Build.0 = Debug|Any CPU
		{D338CEAF-B85A-43DB-9797-A13A775D89E0}.AppStore|ARM.ActiveCfg = Debug|Any CPU
		{D338CEAF-B85A-43DB-9797-A13A775D89E0}.AppStore|ARM.Build.0 = Debug|Any CPU
		{D338CEAF-B85A-43DB-9797-A13A775D89E0}.AppStore|ARM64.ActiveCfg = Debug|Any CPU
		{D338CEAF-B85A-43DB-9797-A13A775D89E0}.AppStore|ARM64.Build.0 = Debug|Any CPU
		{D338CEAF-B85A-43DB-9797-A13A775D89E0}.AppStore|iPhone.ActiveCfg = Debug|Any CPU
		{D338CEAF-B85A-43DB-9797-A13A775D89E0}.AppStore|iPhone.Build.0 = Debug|Any CPU
		{D338CEAF-B85A-43DB-9797-A13A775D89E0}.AppStore|iPhoneSimulator.ActiveCfg = Debug|Any CPU
		{D338CEAF-B85A-43DB-9797-A13A775D89E0}.AppStore|iPhoneSimulator.Build.0 = Debug|Any CPU
		{D338CEAF-B85A-43DB-9797-A13A775D89E0}.AppStore|x64.ActiveCfg = Debug|Any CPU
		{D338CEAF-B85A-43DB-9797-A13A775D89E0}.AppStore|x64.Build.0 = Debug|Any CPU
		{D338CEAF-B85A-43DB-9797-A13A775D89E0}.AppStore|x86.ActiveCfg = Debug|Any CPU
		{D338CEAF-B85A-43DB-9797-A13A775D89E0}.AppStore|x86.Build.0 = Debug|Any CPU
		{D338CEAF-B85A-43DB-9797-A13A775D89E0}.Debug|Any CPU.ActiveCfg = Debug|Any CPU
		{D338CEAF-B85A-43DB-9797-A13A775D89E0}.Debug|Any CPU.Build.0 = Debug|Any CPU
		{D338CEAF-B85A-43DB-9797-A13A775D89E0}.Debug|ARM.ActiveCfg = Debug|Any CPU
		{D338CEAF-B85A-43DB-9797-A13A775D89E0}.Debug|ARM.Build.0 = Debug|Any CPU
		{D338CEAF-B85A-43DB-9797-A13A775D89E0}.Debug|ARM64.ActiveCfg = Debug|Any CPU
		{D338CEAF-B85A-43DB-9797-A13A775D89E0}.Debug|ARM64.Build.0 = Debug|Any CPU
		{D338CEAF-B85A-43DB-9797-A13A775D89E0}.Debug|iPhone.ActiveCfg = Debug|Any CPU
		{D338CEAF-B85A-43DB-9797-A13A775D89E0}.Debug|iPhone.Build.0 = Debug|Any CPU
		{D338CEAF-B85A-43DB-9797-A13A775D89E0}.Debug|iPhoneSimulator.ActiveCfg = Debug|Any CPU
		{D338CEAF-B85A-43DB-9797-A13A775D89E0}.Debug|iPhoneSimulator.Build.0 = Debug|Any CPU
		{D338CEAF-B85A-43DB-9797-A13A775D89E0}.Debug|x64.ActiveCfg = Debug|Any CPU
		{D338CEAF-B85A-43DB-9797-A13A775D89E0}.Debug|x64.Build.0 = Debug|Any CPU
		{D338CEAF-B85A-43DB-9797-A13A775D89E0}.Debug|x86.ActiveCfg = Debug|Any CPU
		{D338CEAF-B85A-43DB-9797-A13A775D89E0}.Debug|x86.Build.0 = Debug|Any CPU
		{D338CEAF-B85A-43DB-9797-A13A775D89E0}.Release|Any CPU.ActiveCfg = Release|Any CPU
		{D338CEAF-B85A-43DB-9797-A13A775D89E0}.Release|Any CPU.Build.0 = Release|Any CPU
		{D338CEAF-B85A-43DB-9797-A13A775D89E0}.Release|ARM.ActiveCfg = Release|Any CPU
		{D338CEAF-B85A-43DB-9797-A13A775D89E0}.Release|ARM.Build.0 = Release|Any CPU
		{D338CEAF-B85A-43DB-9797-A13A775D89E0}.Release|ARM64.ActiveCfg = Release|Any CPU
		{D338CEAF-B85A-43DB-9797-A13A775D89E0}.Release|ARM64.Build.0 = Release|Any CPU
		{D338CEAF-B85A-43DB-9797-A13A775D89E0}.Release|iPhone.ActiveCfg = Release|Any CPU
		{D338CEAF-B85A-43DB-9797-A13A775D89E0}.Release|iPhone.Build.0 = Release|Any CPU
		{D338CEAF-B85A-43DB-9797-A13A775D89E0}.Release|iPhoneSimulator.ActiveCfg = Release|Any CPU
		{D338CEAF-B85A-43DB-9797-A13A775D89E0}.Release|iPhoneSimulator.Build.0 = Release|Any CPU
		{D338CEAF-B85A-43DB-9797-A13A775D89E0}.Release|x64.ActiveCfg = Release|Any CPU
		{D338CEAF-B85A-43DB-9797-A13A775D89E0}.Release|x64.Build.0 = Release|Any CPU
		{D338CEAF-B85A-43DB-9797-A13A775D89E0}.Release|x86.ActiveCfg = Release|Any CPU
		{D338CEAF-B85A-43DB-9797-A13A775D89E0}.Release|x86.Build.0 = Release|Any CPU
		{00B03C3C-8370-4B7E-A750-08972E956BE1}.Ad-Hoc|Any CPU.ActiveCfg = Debug|Any CPU
		{00B03C3C-8370-4B7E-A750-08972E956BE1}.Ad-Hoc|Any CPU.Build.0 = Debug|Any CPU
		{00B03C3C-8370-4B7E-A750-08972E956BE1}.Ad-Hoc|ARM.ActiveCfg = Debug|Any CPU
		{00B03C3C-8370-4B7E-A750-08972E956BE1}.Ad-Hoc|ARM.Build.0 = Debug|Any CPU
		{00B03C3C-8370-4B7E-A750-08972E956BE1}.Ad-Hoc|ARM64.ActiveCfg = Debug|Any CPU
		{00B03C3C-8370-4B7E-A750-08972E956BE1}.Ad-Hoc|ARM64.Build.0 = Debug|Any CPU
		{00B03C3C-8370-4B7E-A750-08972E956BE1}.Ad-Hoc|iPhone.ActiveCfg = Debug|Any CPU
		{00B03C3C-8370-4B7E-A750-08972E956BE1}.Ad-Hoc|iPhone.Build.0 = Debug|Any CPU
		{00B03C3C-8370-4B7E-A750-08972E956BE1}.Ad-Hoc|iPhoneSimulator.ActiveCfg = Debug|Any CPU
		{00B03C3C-8370-4B7E-A750-08972E956BE1}.Ad-Hoc|iPhoneSimulator.Build.0 = Debug|Any CPU
		{00B03C3C-8370-4B7E-A750-08972E956BE1}.Ad-Hoc|x64.ActiveCfg = Debug|Any CPU
		{00B03C3C-8370-4B7E-A750-08972E956BE1}.Ad-Hoc|x64.Build.0 = Debug|Any CPU
		{00B03C3C-8370-4B7E-A750-08972E956BE1}.Ad-Hoc|x86.ActiveCfg = Debug|Any CPU
		{00B03C3C-8370-4B7E-A750-08972E956BE1}.Ad-Hoc|x86.Build.0 = Debug|Any CPU
		{00B03C3C-8370-4B7E-A750-08972E956BE1}.AppStore|Any CPU.ActiveCfg = Debug|Any CPU
		{00B03C3C-8370-4B7E-A750-08972E956BE1}.AppStore|Any CPU.Build.0 = Debug|Any CPU
		{00B03C3C-8370-4B7E-A750-08972E956BE1}.AppStore|ARM.ActiveCfg = Debug|Any CPU
		{00B03C3C-8370-4B7E-A750-08972E956BE1}.AppStore|ARM.Build.0 = Debug|Any CPU
		{00B03C3C-8370-4B7E-A750-08972E956BE1}.AppStore|ARM64.ActiveCfg = Debug|Any CPU
		{00B03C3C-8370-4B7E-A750-08972E956BE1}.AppStore|ARM64.Build.0 = Debug|Any CPU
		{00B03C3C-8370-4B7E-A750-08972E956BE1}.AppStore|iPhone.ActiveCfg = Debug|Any CPU
		{00B03C3C-8370-4B7E-A750-08972E956BE1}.AppStore|iPhone.Build.0 = Debug|Any CPU
		{00B03C3C-8370-4B7E-A750-08972E956BE1}.AppStore|iPhoneSimulator.ActiveCfg = Debug|Any CPU
		{00B03C3C-8370-4B7E-A750-08972E956BE1}.AppStore|iPhoneSimulator.Build.0 = Debug|Any CPU
		{00B03C3C-8370-4B7E-A750-08972E956BE1}.AppStore|x64.ActiveCfg = Debug|Any CPU
		{00B03C3C-8370-4B7E-A750-08972E956BE1}.AppStore|x64.Build.0 = Debug|Any CPU
		{00B03C3C-8370-4B7E-A750-08972E956BE1}.AppStore|x86.ActiveCfg = Debug|Any CPU
		{00B03C3C-8370-4B7E-A750-08972E956BE1}.AppStore|x86.Build.0 = Debug|Any CPU
		{00B03C3C-8370-4B7E-A750-08972E956BE1}.Debug|Any CPU.ActiveCfg = Debug|Any CPU
		{00B03C3C-8370-4B7E-A750-08972E956BE1}.Debug|Any CPU.Build.0 = Debug|Any CPU
		{00B03C3C-8370-4B7E-A750-08972E956BE1}.Debug|ARM.ActiveCfg = Debug|Any CPU
		{00B03C3C-8370-4B7E-A750-08972E956BE1}.Debug|ARM.Build.0 = Debug|Any CPU
		{00B03C3C-8370-4B7E-A750-08972E956BE1}.Debug|ARM64.ActiveCfg = Debug|Any CPU
		{00B03C3C-8370-4B7E-A750-08972E956BE1}.Debug|ARM64.Build.0 = Debug|Any CPU
		{00B03C3C-8370-4B7E-A750-08972E956BE1}.Debug|iPhone.ActiveCfg = Debug|Any CPU
		{00B03C3C-8370-4B7E-A750-08972E956BE1}.Debug|iPhone.Build.0 = Debug|Any CPU
		{00B03C3C-8370-4B7E-A750-08972E956BE1}.Debug|iPhoneSimulator.ActiveCfg = Debug|Any CPU
		{00B03C3C-8370-4B7E-A750-08972E956BE1}.Debug|iPhoneSimulator.Build.0 = Debug|Any CPU
		{00B03C3C-8370-4B7E-A750-08972E956BE1}.Debug|x64.ActiveCfg = Debug|Any CPU
		{00B03C3C-8370-4B7E-A750-08972E956BE1}.Debug|x64.Build.0 = Debug|Any CPU
		{00B03C3C-8370-4B7E-A750-08972E956BE1}.Debug|x86.ActiveCfg = Debug|Any CPU
		{00B03C3C-8370-4B7E-A750-08972E956BE1}.Debug|x86.Build.0 = Debug|Any CPU
		{00B03C3C-8370-4B7E-A750-08972E956BE1}.Release|Any CPU.ActiveCfg = Release|Any CPU
		{00B03C3C-8370-4B7E-A750-08972E956BE1}.Release|Any CPU.Build.0 = Release|Any CPU
		{00B03C3C-8370-4B7E-A750-08972E956BE1}.Release|ARM.ActiveCfg = Release|Any CPU
		{00B03C3C-8370-4B7E-A750-08972E956BE1}.Release|ARM.Build.0 = Release|Any CPU
		{00B03C3C-8370-4B7E-A750-08972E956BE1}.Release|ARM64.ActiveCfg = Release|Any CPU
		{00B03C3C-8370-4B7E-A750-08972E956BE1}.Release|ARM64.Build.0 = Release|Any CPU
		{00B03C3C-8370-4B7E-A750-08972E956BE1}.Release|iPhone.ActiveCfg = Release|Any CPU
		{00B03C3C-8370-4B7E-A750-08972E956BE1}.Release|iPhone.Build.0 = Release|Any CPU
		{00B03C3C-8370-4B7E-A750-08972E956BE1}.Release|iPhoneSimulator.ActiveCfg = Release|Any CPU
		{00B03C3C-8370-4B7E-A750-08972E956BE1}.Release|iPhoneSimulator.Build.0 = Release|Any CPU
		{00B03C3C-8370-4B7E-A750-08972E956BE1}.Release|x64.ActiveCfg = Release|Any CPU
		{00B03C3C-8370-4B7E-A750-08972E956BE1}.Release|x64.Build.0 = Release|Any CPU
		{00B03C3C-8370-4B7E-A750-08972E956BE1}.Release|x86.ActiveCfg = Release|Any CPU
		{00B03C3C-8370-4B7E-A750-08972E956BE1}.Release|x86.Build.0 = Release|Any CPU
		{71B73162-1B3B-461D-AC13-6D04F0B33652}.Ad-Hoc|Any CPU.ActiveCfg = Debug|Any CPU
		{71B73162-1B3B-461D-AC13-6D04F0B33652}.Ad-Hoc|Any CPU.Build.0 = Debug|Any CPU
		{71B73162-1B3B-461D-AC13-6D04F0B33652}.Ad-Hoc|ARM.ActiveCfg = Debug|Any CPU
		{71B73162-1B3B-461D-AC13-6D04F0B33652}.Ad-Hoc|ARM.Build.0 = Debug|Any CPU
		{71B73162-1B3B-461D-AC13-6D04F0B33652}.Ad-Hoc|ARM64.ActiveCfg = Debug|Any CPU
		{71B73162-1B3B-461D-AC13-6D04F0B33652}.Ad-Hoc|ARM64.Build.0 = Debug|Any CPU
		{71B73162-1B3B-461D-AC13-6D04F0B33652}.Ad-Hoc|iPhone.ActiveCfg = Debug|Any CPU
		{71B73162-1B3B-461D-AC13-6D04F0B33652}.Ad-Hoc|iPhone.Build.0 = Debug|Any CPU
		{71B73162-1B3B-461D-AC13-6D04F0B33652}.Ad-Hoc|iPhoneSimulator.ActiveCfg = Debug|Any CPU
		{71B73162-1B3B-461D-AC13-6D04F0B33652}.Ad-Hoc|iPhoneSimulator.Build.0 = Debug|Any CPU
		{71B73162-1B3B-461D-AC13-6D04F0B33652}.Ad-Hoc|x64.ActiveCfg = Debug|Any CPU
		{71B73162-1B3B-461D-AC13-6D04F0B33652}.Ad-Hoc|x64.Build.0 = Debug|Any CPU
		{71B73162-1B3B-461D-AC13-6D04F0B33652}.Ad-Hoc|x86.ActiveCfg = Debug|Any CPU
		{71B73162-1B3B-461D-AC13-6D04F0B33652}.Ad-Hoc|x86.Build.0 = Debug|Any CPU
		{71B73162-1B3B-461D-AC13-6D04F0B33652}.AppStore|Any CPU.ActiveCfg = Debug|Any CPU
		{71B73162-1B3B-461D-AC13-6D04F0B33652}.AppStore|Any CPU.Build.0 = Debug|Any CPU
		{71B73162-1B3B-461D-AC13-6D04F0B33652}.AppStore|ARM.ActiveCfg = Debug|Any CPU
		{71B73162-1B3B-461D-AC13-6D04F0B33652}.AppStore|ARM.Build.0 = Debug|Any CPU
		{71B73162-1B3B-461D-AC13-6D04F0B33652}.AppStore|ARM64.ActiveCfg = Debug|Any CPU
		{71B73162-1B3B-461D-AC13-6D04F0B33652}.AppStore|ARM64.Build.0 = Debug|Any CPU
		{71B73162-1B3B-461D-AC13-6D04F0B33652}.AppStore|iPhone.ActiveCfg = Debug|Any CPU
		{71B73162-1B3B-461D-AC13-6D04F0B33652}.AppStore|iPhone.Build.0 = Debug|Any CPU
		{71B73162-1B3B-461D-AC13-6D04F0B33652}.AppStore|iPhoneSimulator.ActiveCfg = Debug|Any CPU
		{71B73162-1B3B-461D-AC13-6D04F0B33652}.AppStore|iPhoneSimulator.Build.0 = Debug|Any CPU
		{71B73162-1B3B-461D-AC13-6D04F0B33652}.AppStore|x64.ActiveCfg = Debug|Any CPU
		{71B73162-1B3B-461D-AC13-6D04F0B33652}.AppStore|x64.Build.0 = Debug|Any CPU
		{71B73162-1B3B-461D-AC13-6D04F0B33652}.AppStore|x86.ActiveCfg = Debug|Any CPU
		{71B73162-1B3B-461D-AC13-6D04F0B33652}.AppStore|x86.Build.0 = Debug|Any CPU
		{71B73162-1B3B-461D-AC13-6D04F0B33652}.Debug|Any CPU.ActiveCfg = Debug|Any CPU
		{71B73162-1B3B-461D-AC13-6D04F0B33652}.Debug|Any CPU.Build.0 = Debug|Any CPU
		{71B73162-1B3B-461D-AC13-6D04F0B33652}.Debug|ARM.ActiveCfg = Debug|Any CPU
		{71B73162-1B3B-461D-AC13-6D04F0B33652}.Debug|ARM.Build.0 = Debug|Any CPU
		{71B73162-1B3B-461D-AC13-6D04F0B33652}.Debug|ARM64.ActiveCfg = Debug|Any CPU
		{71B73162-1B3B-461D-AC13-6D04F0B33652}.Debug|ARM64.Build.0 = Debug|Any CPU
		{71B73162-1B3B-461D-AC13-6D04F0B33652}.Debug|iPhone.ActiveCfg = Debug|Any CPU
		{71B73162-1B3B-461D-AC13-6D04F0B33652}.Debug|iPhone.Build.0 = Debug|Any CPU
		{71B73162-1B3B-461D-AC13-6D04F0B33652}.Debug|iPhoneSimulator.ActiveCfg = Debug|Any CPU
		{71B73162-1B3B-461D-AC13-6D04F0B33652}.Debug|iPhoneSimulator.Build.0 = Debug|Any CPU
		{71B73162-1B3B-461D-AC13-6D04F0B33652}.Debug|x64.ActiveCfg = Debug|Any CPU
		{71B73162-1B3B-461D-AC13-6D04F0B33652}.Debug|x64.Build.0 = Debug|Any CPU
		{71B73162-1B3B-461D-AC13-6D04F0B33652}.Debug|x86.ActiveCfg = Debug|Any CPU
		{71B73162-1B3B-461D-AC13-6D04F0B33652}.Debug|x86.Build.0 = Debug|Any CPU
		{71B73162-1B3B-461D-AC13-6D04F0B33652}.Release|Any CPU.ActiveCfg = Release|Any CPU
		{71B73162-1B3B-461D-AC13-6D04F0B33652}.Release|Any CPU.Build.0 = Release|Any CPU
		{71B73162-1B3B-461D-AC13-6D04F0B33652}.Release|ARM.ActiveCfg = Release|Any CPU
		{71B73162-1B3B-461D-AC13-6D04F0B33652}.Release|ARM.Build.0 = Release|Any CPU
		{71B73162-1B3B-461D-AC13-6D04F0B33652}.Release|ARM64.ActiveCfg = Release|Any CPU
		{71B73162-1B3B-461D-AC13-6D04F0B33652}.Release|ARM64.Build.0 = Release|Any CPU
		{71B73162-1B3B-461D-AC13-6D04F0B33652}.Release|iPhone.ActiveCfg = Release|Any CPU
		{71B73162-1B3B-461D-AC13-6D04F0B33652}.Release|iPhone.Build.0 = Release|Any CPU
		{71B73162-1B3B-461D-AC13-6D04F0B33652}.Release|iPhoneSimulator.ActiveCfg = Release|Any CPU
		{71B73162-1B3B-461D-AC13-6D04F0B33652}.Release|iPhoneSimulator.Build.0 = Release|Any CPU
		{71B73162-1B3B-461D-AC13-6D04F0B33652}.Release|x64.ActiveCfg = Release|Any CPU
		{71B73162-1B3B-461D-AC13-6D04F0B33652}.Release|x64.Build.0 = Release|Any CPU
		{71B73162-1B3B-461D-AC13-6D04F0B33652}.Release|x86.ActiveCfg = Release|Any CPU
		{71B73162-1B3B-461D-AC13-6D04F0B33652}.Release|x86.Build.0 = Release|Any CPU
	EndGlobalSection
	GlobalSection(SolutionProperties) = preSolution
		HideSolutionNode = FALSE
	EndGlobalSection
	GlobalSection(NestedProjects) = preSolution
		{52A0C65F-F43B-4F40-A9C1-C60969F8BFB4} = {278EA640-6E34-4219-979D-00A851A8048D}
		{4A88DF22-F1A5-42E1-919A-488D87E9C90A} = {278EA640-6E34-4219-979D-00A851A8048D}
		{571F07F7-F8B0-482A-B4BF-003222CCB059} = {278EA640-6E34-4219-979D-00A851A8048D}
		{787282CF-7E55-413B-B279-89B4B81A1AF5} = {278EA640-6E34-4219-979D-00A851A8048D}
		{319B9F6D-C644-4F29-809E-A347592C5F0F} = {278EA640-6E34-4219-979D-00A851A8048D}
		{EDB5A17A-1C15-46A4-89F5-093ACAE6A733} = {278EA640-6E34-4219-979D-00A851A8048D}
		{FD84DB12-EC1B-48BB-847A-1944D3769A2B} = {278EA640-6E34-4219-979D-00A851A8048D}
		{D338CEAF-B85A-43DB-9797-A13A775D89E0} = {278EA640-6E34-4219-979D-00A851A8048D}
		{00B03C3C-8370-4B7E-A750-08972E956BE1} = {278EA640-6E34-4219-979D-00A851A8048D}
	EndGlobalSection
	GlobalSection(ExtensibilityGlobals) = postSolution
		SolutionGuid = {85E3008C-7D1A-45AC-9CB6-9295D74C3AFB}
	EndGlobalSection
EndGlobal
